// !$*UTF8*$!
{
	archiveVersion = 1;
	classes = {
	};
	objectVersion = 63;
	objects = {

/* Begin PBXBuildFile section */
		065CD473CF4419C474E83A85 /* KeychainService.swift in Sources */ = {isa = PBXBuildFile; fileRef = B9E288A012473F7F722F7063 /* KeychainService.swift */; };
		0E6CAC4A1545EB4413AA493F /* OnboardingView.swift in Sources */ = {isa = PBXBuildFile; fileRef = 07BCC61FC44DF0430C2BA3D0 /* OnboardingView.swift */; };
		3E4804C699DC392A038E0C1E /* HotkeyService.swift in Sources */ = {isa = PBXBuildFile; fileRef = 498948B290C8A7419E2BEB11 /* HotkeyService.swift */; };
		3E4804C699DC392A038E0C1F /* HotkeyRecorderField.swift in Sources */ = {isa = PBXBuildFile; fileRef = 498948B290C8A7419E2BEB12 /* HotkeyRecorderField.swift */; };
		4A892CDDE46D5A46360A896D /* ContentView.swift in Sources */ = {isa = PBXBuildFile; fileRef = A9E868304B1233FA19B9C104 /* ContentView.swift */; };
		4C24777A546F35B48879E982 /* TranscriptionService.swift in Sources */ = {isa = PBXBuildFile; fileRef = 63A1D482C8A8A384BEB7ABE2 /* TranscriptionService.swift */; };
		4EEB6190A1F561844F6A9337 /* SettingsView.swift in Sources */ = {isa = PBXBuildFile; fileRef = EBCC1FF827BE7386A262504F /* SettingsView.swift */; };
		5268EBFBEA28B87F3565C8F0 /* AppState.swift in Sources */ = {isa = PBXBuildFile; fileRef = 908A50274BE4BBC01EC555BB /* AppState.swift */; };
		63A90D417BBC2C693C6C5361 /* Assets.xcassets in Resources */ = {isa = PBXBuildFile; fileRef = CB04C6B8A5EC8F153FD05F3C /* Assets.xcassets */; };
		725587C72BEAD462F98EFE31 /* AudioService.swift in Sources */ = {isa = PBXBuildFile; fileRef = D9800E2A361A7808509B7A68 /* AudioService.swift */; };
		7C824CA662371B0E92CE7772 /* FloatingRecordingView.swift in Sources */ = {isa = PBXBuildFile; fileRef = 042E74F653A0CB4671AEC402 /* FloatingRecordingView.swift */; };
		B8994E5E5FA3B3B8220C38CB /* WaveformView.swift in Sources */ = {isa = PBXBuildFile; fileRef = D2284274775507B1AB47C60D /* WaveformView.swift */; };
		F71C795448F970245BBB71E5 /* WolfWhisperApp.swift in Sources */ = {isa = PBXBuildFile; fileRef = 6DB9BF108FDD023B23817075 /* WolfWhisperApp.swift */; };
/* End PBXBuildFile section */

/* Begin PBXFileReference section */
		042E74F653A0CB4671AEC402 /* FloatingRecordingView.swift */ = {isa = PBXFileReference; lastKnownFileType = sourcecode.swift; path = FloatingRecordingView.swift; sourceTree = "<group>"; };
		07BCC61FC44DF0430C2BA3D0 /* OnboardingView.swift */ = {isa = PBXFileReference; lastKnownFileType = sourcecode.swift; path = OnboardingView.swift; sourceTree = "<group>"; };
		498948B290C8A7419E2BEB11 /* HotkeyService.swift */ = {isa = PBXFileReference; lastKnownFileType = sourcecode.swift; path = HotkeyService.swift; sourceTree = "<group>"; };
		498948B290C8A7419E2BEB12 /* HotkeyRecorderField.swift */ = {isa = PBXFileReference; lastKnownFileType = sourcecode.swift; path = HotkeyRecorderField.swift; sourceTree = "<group>"; };
		63A1D482C8A8A384BEB7ABE2 /* TranscriptionService.swift */ = {isa = PBXFileReference; lastKnownFileType = sourcecode.swift; path = TranscriptionService.swift; sourceTree = "<group>"; };
		6DB9BF108FDD023B23817075 /* WolfWhisperApp.swift */ = {isa = PBXFileReference; lastKnownFileType = sourcecode.swift; path = WolfWhisperApp.swift; sourceTree = "<group>"; };
		908A50274BE4BBC01EC555BB /* AppState.swift */ = {isa = PBXFileReference; lastKnownFileType = sourcecode.swift; path = AppState.swift; sourceTree = "<group>"; };
		A9E868304B1233FA19B9C104 /* ContentView.swift */ = {isa = PBXFileReference; lastKnownFileType = sourcecode.swift; path = ContentView.swift; sourceTree = "<group>"; };
		B9E288A012473F7F722F7063 /* KeychainService.swift */ = {isa = PBXFileReference; lastKnownFileType = sourcecode.swift; path = KeychainService.swift; sourceTree = "<group>"; };
		CB04C6B8A5EC8F153FD05F3C /* Assets.xcassets */ = {isa = PBXFileReference; lastKnownFileType = folder.assetcatalog; path = Assets.xcassets; sourceTree = "<group>"; };
		CE0BCEC3CE08393FEA8781B8 /* Info.plist */ = {isa = PBXFileReference; lastKnownFileType = text.plist; path = Info.plist; sourceTree = "<group>"; };
		D2284274775507B1AB47C60D /* WaveformView.swift */ = {isa = PBXFileReference; lastKnownFileType = sourcecode.swift; path = WaveformView.swift; sourceTree = "<group>"; };
		D6986D970BD822E6BC786CE3 /* WolfWhisper.app */ = {isa = PBXFileReference; explicitFileType = wrapper.application; includeInIndex = 0; path = WolfWhisper.app; sourceTree = BUILT_PRODUCTS_DIR; };
		D9800E2A361A7808509B7A68 /* AudioService.swift */ = {isa = PBXFileReference; lastKnownFileType = sourcecode.swift; path = AudioService.swift; sourceTree = "<group>"; };
		EBCC1FF827BE7386A262504F /* SettingsView.swift */ = {isa = PBXFileReference; lastKnownFileType = sourcecode.swift; path = SettingsView.swift; sourceTree = "<group>"; };
		F1234567890ABCDEF1234567 /* WolfWhisper.entitlements */ = {isa = PBXFileReference; lastKnownFileType = text.plist.entitlements; path = WolfWhisper.entitlements; sourceTree = "<group>"; };
/* End PBXFileReference section */

/* Begin PBXGroup section */
		0DE837406BA19FE9D2F48772 /* Products */ = {
			isa = PBXGroup;
			children = (
				D6986D970BD822E6BC786CE3 /* WolfWhisper.app */,
			);
			name = Products;
			sourceTree = "<group>";
		};
		6FA780CE62DD58151EAE9855 /* WolfWhisper */ = {
			isa = PBXGroup;
			children = (
				908A50274BE4BBC01EC555BB /* AppState.swift */,
				CB04C6B8A5EC8F153FD05F3C /* Assets.xcassets */,
				D9800E2A361A7808509B7A68 /* AudioService.swift */,
				A9E868304B1233FA19B9C104 /* ContentView.swift */,
				042E74F653A0CB4671AEC402 /* FloatingRecordingView.swift */,
				498948B290C8A7419E2BEB11 /* HotkeyService.swift */,
				498948B290C8A7419E2BEB12 /* HotkeyRecorderField.swift */,
				CE0BCEC3CE08393FEA8781B8 /* Info.plist */,
				B9E288A012473F7F722F7063 /* KeychainService.swift */,
				07BCC61FC44DF0430C2BA3D0 /* OnboardingView.swift */,
				EBCC1FF827BE7386A262504F /* SettingsView.swift */,
				63A1D482C8A8A384BEB7ABE2 /* TranscriptionService.swift */,
				D2284274775507B1AB47C60D /* WaveformView.swift */,
				6DB9BF108FDD023B23817075 /* WolfWhisperApp.swift */,
				F1234567890ABCDEF1234567 /* WolfWhisper.entitlements */,
			);
			path = WolfWhisper;
			sourceTree = "<group>";
		};
		F81AA55E7989BF13CEFDB151 = {
			isa = PBXGroup;
			children = (
				6FA780CE62DD58151EAE9855 /* WolfWhisper */,
				0DE837406BA19FE9D2F48772 /* Products */,
			);
			sourceTree = "<group>";
		};
/* End PBXGroup section */

/* Begin PBXNativeTarget section */
		005F35AA5D0608B734D09A1B /* WolfWhisper */ = {
			isa = PBXNativeTarget;
			buildConfigurationList = D470D90EFD80DE7D6EDEECEE /* Build configuration list for PBXNativeTarget "WolfWhisper" */;
			buildPhases = (
				076594C42359E378AD3EC7BF /* Sources */,
				1E939383E3421459F121A151 /* Resources */,
			);
			buildRules = (
			);
			dependencies = (
			);
			name = WolfWhisper;
			packageProductDependencies = (
			);
			productName = WolfWhisper;
			productReference = D6986D970BD822E6BC786CE3 /* WolfWhisper.app */;
			productType = "com.apple.product-type.application";
		};
/* End PBXNativeTarget section */

/* Begin PBXProject section */
		FA52D495A285247D479A3A88 /* Project object */ = {
			isa = PBXProject;
			attributes = {
				BuildIndependentTargetsInParallel = YES;
				LastUpgradeCheck = 1430;
			};
			buildConfigurationList = C2C02DBB294DD2E0ADF109E2 /* Build configuration list for PBXProject "WolfWhisper" */;
			compatibilityVersion = "Xcode 14.0";
			developmentRegion = en;
			hasScannedForEncodings = 0;
			knownRegions = (
				Base,
				en,
			);
			mainGroup = F81AA55E7989BF13CEFDB151;
			minimizedProjectReferenceProxies = 1;
			packageReferences = (
			);
			projectDirPath = "";
			projectRoot = "";
			targets = (
				005F35AA5D0608B734D09A1B /* WolfWhisper */,
			);
		};
/* End PBXProject section */

/* Begin PBXResourcesBuildPhase section */
		1E939383E3421459F121A151 /* Resources */ = {
			isa = PBXResourcesBuildPhase;
			buildActionMask = 2147483647;
			files = (
				63A90D417BBC2C693C6C5361 /* Assets.xcassets in Resources */,
			);
			runOnlyForDeploymentPostprocessing = 0;
		};
/* End PBXResourcesBuildPhase section */

/* Begin PBXSourcesBuildPhase section */
		076594C42359E378AD3EC7BF /* Sources */ = {
			isa = PBXSourcesBuildPhase;
			buildActionMask = 2147483647;
			files = (
				5268EBFBEA28B87F3565C8F0 /* AppState.swift in Sources */,
				725587C72BEAD462F98EFE31 /* AudioService.swift in Sources */,
				4A892CDDE46D5A46360A896D /* ContentView.swift in Sources */,
				7C824CA662371B0E92CE7772 /* FloatingRecordingView.swift in Sources */,
				3E4804C699DC392A038E0C1E /* HotkeyService.swift in Sources */,
				3E4804C699DC392A038E0C1F /* HotkeyRecorderField.swift in Sources */,
				065CD473CF4419C474E83A85 /* KeychainService.swift in Sources */,
				0E6CAC4A1545EB4413AA493F /* OnboardingView.swift in Sources */,
				4EEB6190A1F561844F6A9337 /* SettingsView.swift in Sources */,
				4C24777A546F35B48879E982 /* TranscriptionService.swift in Sources */,
				B8994E5E5FA3B3B8220C38CB /* WaveformView.swift in Sources */,
				F71C795448F970245BBB71E5 /* WolfWhisperApp.swift in Sources */,
			);
			runOnlyForDeploymentPostprocessing = 0;
		};
/* End PBXSourcesBuildPhase section */

/* Begin XCBuildConfiguration section */
		70BD488355FF87CD7DC2CAC9 /* Release */ = {
			isa = XCBuildConfiguration;
			buildSettings = {
				ASSETCATALOG_COMPILER_APPICON_NAME = AppIcon;
				CODE_SIGN_ENTITLEMENTS = WolfWhisper/WolfWhisper.entitlements;
				CODE_SIGN_IDENTITY = "Apple Development";
				CODE_SIGN_STYLE = Automatic;
				COMBINE_HIDPI_IMAGES = YES;
				DEVELOPMENT_TEAM = ZT6QMA463J;
				ENABLE_HARDENED_RUNTIME = YES;
				GENERATE_INFOPLIST_FILE = NO;
				INFOPLIST_FILE = WolfWhisper/Info.plist;
				INFOPLIST_KEY_CFBundleDisplayName = "Wolf Whisper";
				LD_RUNPATH_SEARCH_PATHS = (
					"$(inherited)",
					"@executable_path/../Frameworks",
				);
				MACOSX_DEPLOYMENT_TARGET = 14.0;
				MARKETING_VERSION = 2.0;
				PRODUCT_BUNDLE_IDENTIFIER = com.wolfwhisper.app;
				SDKROOT = macosx;
				SWIFT_VERSION = 6.0;
			};
			name = Release;
		};
		805640E9897AF56BBCFB5E8E /* Debug */ = {
			isa = XCBuildConfiguration;
			buildSettings = {
				ALWAYS_SEARCH_USER_PATHS = NO;
				CLANG_ANALYZER_NONNULL = YES;
				CLANG_ANALYZER_NUMBER_OBJECT_CONVERSION = YES_AGGRESSIVE;
				CLANG_CXX_LANGUAGE_STANDARD = "gnu++14";
				CLANG_CXX_LIBRARY = "libc++";
				CLANG_ENABLE_MODULES = YES;
				CLANG_ENABLE_OBJC_ARC = YES;
				CLANG_ENABLE_OBJC_WEAK = YES;
				CLANG_WARN_BLOCK_CAPTURE_AUTORELEASING = YES;
				CLANG_WARN_BOOL_CONVERSION = YES;
				CLANG_WARN_COMMA = YES;
				CLANG_WARN_CONSTANT_CONVERSION = YES;
				CLANG_WARN_DEPRECATED_OBJC_IMPLEMENTATIONS = YES;
				CLANG_WARN_DIRECT_OBJC_ISA_USAGE = YES_ERROR;
				CLANG_WARN_DOCUMENTATION_COMMENTS = YES;
				CLANG_WARN_EMPTY_BODY = YES;
				CLANG_WARN_ENUM_CONVERSION = YES;
				CLANG_WARN_INFINITE_RECURSION = YES;
				CLANG_WARN_INT_CONVERSION = YES;
				CLANG_WARN_NON_LITERAL_NULL_CONVERSION = YES;
				CLANG_WARN_OBJC_IMPLICIT_RETAIN_SELF = YES;
				CLANG_WARN_OBJC_LITERAL_CONVERSION = YES;
				CLANG_WARN_OBJC_ROOT_CLASS = YES_ERROR;
				CLANG_WARN_QUOTED_INCLUDE_IN_FRAMEWORK_HEADER = YES;
				CLANG_WARN_RANGE_LOOP_ANALYSIS = YES;
				CLANG_WARN_STRICT_PROTOTYPES = YES;
				CLANG_WARN_SUSPICIOUS_MOVE = YES;
				CLANG_WARN_UNGUARDED_AVAILABILITY = YES_AGGRESSIVE;
				CLANG_WARN_UNREACHABLE_CODE = YES;
				CLANG_WARN__DUPLICATE_METHOD_MATCH = YES;
				COPY_PHASE_STRIP = NO;
				DEBUG_INFORMATION_FORMAT = dwarf;
				ENABLE_STRICT_OBJC_MSGSEND = YES;
				ENABLE_TESTABILITY = YES;
				GCC_C_LANGUAGE_STANDARD = gnu11;
				GCC_DYNAMIC_NO_PIC = NO;
				GCC_NO_COMMON_BLOCKS = YES;
				GCC_OPTIMIZATION_LEVEL = 0;
				GCC_PREPROCESSOR_DEFINITIONS = (
					"$(inherited)",
					"DEBUG=1",
				);
				GCC_WARN_64_TO_32_BIT_CONVERSION = YES;
				GCC_WARN_ABOUT_RETURN_TYPE = YES_ERROR;
				GCC_WARN_UNDECLARED_SELECTOR = YES;
				GCC_WARN_UNINITIALIZED_AUTOS = YES_AGGRESSIVE;
				GCC_WARN_UNUSED_FUNCTION = YES;
				GCC_WARN_UNUSED_VARIABLE = YES;
				MACOSX_DEPLOYMENT_TARGET = 14.0;
				MTL_ENABLE_DEBUG_INFO = INCLUDE_SOURCE;
				MTL_FAST_MATH = YES;
				ONLY_ACTIVE_ARCH = YES;
				PRODUCT_NAME = "$(TARGET_NAME)";
				SDKROOT = macosx;
				SWIFT_ACTIVE_COMPILATION_CONDITIONS = DEBUG;
				SWIFT_OPTIMIZATION_LEVEL = "-Onone";
				SWIFT_VERSION = 5.0;
			};
			name = Debug;
		};
		9CFE9EFFA3E63FE454A43F4E /* Release */ = {
			isa = XCBuildConfiguration;
			buildSettings = {
				ALWAYS_SEARCH_USER_PATHS = NO;
				CLANG_ANALYZER_NONNULL = YES;
				CLANG_ANALYZER_NUMBER_OBJECT_CONVERSION = YES_AGGRESSIVE;
				CLANG_CXX_LANGUAGE_STANDARD = "gnu++14";
				CLANG_CXX_LIBRARY = "libc++";
				CLANG_ENABLE_MODULES = YES;
				CLANG_ENABLE_OBJC_ARC = YES;
				CLANG_ENABLE_OBJC_WEAK = YES;
				CLANG_WARN_BLOCK_CAPTURE_AUTORELEASING = YES;
				CLANG_WARN_BOOL_CONVERSION = YES;
				CLANG_WARN_COMMA = YES;
				CLANG_WARN_CONSTANT_CONVERSION = YES;
				CLANG_WARN_DEPRECATED_OBJC_IMPLEMENTATIONS = YES;
				CLANG_WARN_DIRECT_OBJC_ISA_USAGE = YES_ERROR;
				CLANG_WARN_DOCUMENTATION_COMMENTS = YES;
				CLANG_WARN_EMPTY_BODY = YES;
				CLANG_WARN_ENUM_CONVERSION = YES;
				CLANG_WARN_INFINITE_RECURSION = YES;
				CLANG_WARN_INT_CONVERSION = YES;
				CLANG_WARN_NON_LITERAL_NULL_CONVERSION = YES;
				CLANG_WARN_OBJC_IMPLICIT_RETAIN_SELF = YES;
				CLANG_WARN_OBJC_LITERAL_CONVERSION = YES;
				CLANG_WARN_OBJC_ROOT_CLASS = YES_ERROR;
				CLANG_WARN_QUOTED_INCLUDE_IN_FRAMEWORK_HEADER = YES;
				CLANG_WARN_RANGE_LOOP_ANALYSIS = YES;
				CLANG_WARN_STRICT_PROTOTYPES = YES;
				CLANG_WARN_SUSPICIOUS_MOVE = YES;
				CLANG_WARN_UNGUARDED_AVAILABILITY = YES_AGGRESSIVE;
				CLANG_WARN_UNREACHABLE_CODE = YES;
				CLANG_WARN__DUPLICATE_METHOD_MATCH = YES;
				COPY_PHASE_STRIP = NO;
				DEBUG_INFORMATION_FORMAT = "dwarf-with-dsym";
				ENABLE_NS_ASSERTIONS = NO;
				ENABLE_STRICT_OBJC_MSGSEND = YES;
				GCC_C_LANGUAGE_STANDARD = gnu11;
				GCC_NO_COMMON_BLOCKS = YES;
				GCC_WARN_64_TO_32_BIT_CONVERSION = YES;
				GCC_WARN_ABOUT_RETURN_TYPE = YES_ERROR;
				GCC_WARN_UNDECLARED_SELECTOR = YES;
				GCC_WARN_UNINITIALIZED_AUTOS = YES_AGGRESSIVE;
				GCC_WARN_UNUSED_FUNCTION = YES;
				GCC_WARN_UNUSED_VARIABLE = YES;
				MACOSX_DEPLOYMENT_TARGET = 14.0;
				MTL_ENABLE_DEBUG_INFO = NO;
				MTL_FAST_MATH = YES;
				PRODUCT_NAME = "$(TARGET_NAME)";
				SDKROOT = macosx;
				SWIFT_COMPILATION_MODE = wholemodule;
				SWIFT_OPTIMIZATION_LEVEL = "-O";
				SWIFT_VERSION = 5.0;
			};
			name = Release;
		};
		9E0CF54DF29E1F832513F058 /* Debug */ = {
			isa = XCBuildConfiguration;
			buildSettings = {
				ASSETCATALOG_COMPILER_APPICON_NAME = AppIcon;
				CODE_SIGN_ENTITLEMENTS = WolfWhisper/WolfWhisper.entitlements;
				CODE_SIGN_IDENTITY = "Apple Development";
				CODE_SIGN_STYLE = Automatic;
				COMBINE_HIDPI_IMAGES = YES;
				DEVELOPMENT_TEAM = ZT6QMA463J;
				ENABLE_HARDENED_RUNTIME = YES;
				GENERATE_INFOPLIST_FILE = NO;
				INFOPLIST_FILE = WolfWhisper/Info.plist;
				INFOPLIST_KEY_CFBundleDisplayName = "Wolf Whisper";
				LD_RUNPATH_SEARCH_PATHS = (
					"$(inherited)",
					"@executable_path/../Frameworks",
				);
				MACOSX_DEPLOYMENT_TARGET = 14.0;
				MARKETING_VERSION = 2.0;
				PRODUCT_BUNDLE_IDENTIFIER = com.wolfwhisper.app;
				SDKROOT = macosx;
				SWIFT_VERSION = 6.0;
			};
			name = Debug;
		};
/* End XCBuildConfiguration section */

/* Begin XCConfigurationList section */
		C2C02DBB294DD2E0ADF109E2 /* Build configuration list for PBXProject "WolfWhisper" */ = {
			isa = XCConfigurationList;
			buildConfigurations = (
				805640E9897AF56BBCFB5E8E /* Debug */,
				9CFE9EFFA3E63FE454A43F4E /* Release */,
			);
			defaultConfigurationIsVisible = 0;
			defaultConfigurationName = Debug;
		};
		D470D90EFD80DE7D6EDEECEE /* Build configuration list for PBXNativeTarget "WolfWhisper" */ = {
			isa = XCConfigurationList;
			buildConfigurations = (
				9E0CF54DF29E1F832513F058 /* Debug */,
				70BD488355FF87CD7DC2CAC9 /* Release */,
			);
			defaultConfigurationIsVisible = 0;
			defaultConfigurationName = Debug;
		};
/* End XCConfigurationList section */
	};
	rootObject = FA52D495A285247D479A3A88 /* Project object */;
}
